
Microsoft Visual Studio Solution File, Format Version 12.00
# Visual Studio Version 17
VisualStudioVersion = 17.3.32929.385
MinimumVisualStudioVersion = 10.0.40219.1
Project("{FAE04EC0-301F-11D3-BF4B-00C04F79EFBC}") = "SuperGoodTest", "SuperGoodTest.csproj", "{61920A1A-E5CE-4ED0-88E6-2D8ADC397643}"
EndProject
Global
	GlobalSection(SolutionConfigurationPlatforms) = preSolution
		Debug|Any CPU = Debug|Any CPU
		Release|Any CPU = Release|Any CPU
	EndGlobalSection
	GlobalSection(ProjectConfigurationPlatforms) = postSolution
		{61920A1A-E5CE-4ED0-88E6-2D8ADC397643}.Debug|Any CPU.ActiveCfg = Debug|Any CPU
		{61920A1A-E5CE-4ED0-88E6-2D8ADC397643}.Debug|Any CPU.Build.0 = Debug|Any CPU
		{61920A1A-E5CE-4ED0-88E6-2D8ADC397643}.Release|Any CPU.ActiveCfg = Release|Any CPU
		{61920A1A-E5CE-4ED0-88E6-2D8ADC397643}.Release|Any CPU.Build.0 = Release|Any CPU
	EndGlobalSection
	GlobalSection(SolutionProperties) = preSolution
		HideSolutionNode = FALSE
	EndGlobalSection
	GlobalSection(ExtensibilityGlobals) = postSolution
		SolutionGuid = {37984604-96C4-432D-BB73-29449B1B4EE9}
	EndGlobalSection
EndGlobal
